
Microsoft Visual Studio Solution File, Format Version 12.00
# Visual Studio Version 16
VisualStudioVersion = 16.0.29102.190
MinimumVisualStudioVersion = 10.0.40219.1
Project("{FAE04EC0-301F-11D3-BF4B-00C04F79EFBC}") = "PeopleDir", "PeopleDir\PeopleDir.csproj", "{1C0FBBA1-7543-4A45-9331-F30D9106F96D}"
EndProject
Project("{FAE04EC0-301F-11D3-BF4B-00C04F79EFBC}") = "PeopleDir.BusinessLayer", "PeopleDir.BusinessLayer\PeopleDir.BusinessLayer.csproj", "{035D8B3F-68EB-4583-8A96-07429038234E}"
EndProject
Project("{FAE04EC0-301F-11D3-BF4B-00C04F79EFBC}") = "PeopleDir.DataLayer", "PeopleDir.DataLayer\PeopleDir.DataLayer.csproj", "{79D0B9F6-2B79-4780-9D03-C11CBF23D92F}"
EndProject
Global
	GlobalSection(SolutionConfigurationPlatforms) = preSolution
		Debug|Any CPU = Debug|Any CPU
		Release|Any CPU = Release|Any CPU
	EndGlobalSection
	GlobalSection(ProjectConfigurationPlatforms) = postSolution
		{1C0FBBA1-7543-4A45-9331-F30D9106F96D}.Debug|Any CPU.ActiveCfg = Debug|Any CPU
		{1C0FBBA1-7543-4A45-9331-F30D9106F96D}.Debug|Any CPU.Build.0 = Debug|Any CPU
		{1C0FBBA1-7543-4A45-9331-F30D9106F96D}.Release|Any CPU.ActiveCfg = Release|Any CPU
		{1C0FBBA1-7543-4A45-9331-F30D9106F96D}.Release|Any CPU.Build.0 = Release|Any CPU
		{035D8B3F-68EB-4583-8A96-07429038234E}.Debug|Any CPU.ActiveCfg = Debug|Any CPU
		{035D8B3F-68EB-4583-8A96-07429038234E}.Debug|Any CPU.Build.0 = Debug|Any CPU
		{035D8B3F-68EB-4583-8A96-07429038234E}.Release|Any CPU.ActiveCfg = Release|Any CPU
		{035D8B3F-68EB-4583-8A96-07429038234E}.Release|Any CPU.Build.0 = Release|Any CPU
		{79D0B9F6-2B79-4780-9D03-C11CBF23D92F}.Debug|Any CPU.ActiveCfg = Debug|Any CPU
		{79D0B9F6-2B79-4780-9D03-C11CBF23D92F}.Debug|Any CPU.Build.0 = Debug|Any CPU
		{79D0B9F6-2B79-4780-9D03-C11CBF23D92F}.Release|Any CPU.ActiveCfg = Release|Any CPU
		{79D0B9F6-2B79-4780-9D03-C11CBF23D92F}.Release|Any CPU.Build.0 = Release|Any CPU
	EndGlobalSection
	GlobalSection(SolutionProperties) = preSolution
		HideSolutionNode = FALSE
	EndGlobalSection
	GlobalSection(ExtensibilityGlobals) = postSolution
		SolutionGuid = {885C4BE6-837B-4877-BB5C-2E4AF06BE97F}
	EndGlobalSection
EndGlobal
